// !$*UTF8*$!
{
	archiveVersion = 1;
	classes = {
	};
	objectVersion = 50;
	objects = {

/* Begin PBXBuildFile section */
		EE7AE2C026242CDC0077DB47 /* AppDelegate.swift in Sources */ = {isa = PBXBuildFile; fileRef = EE7AE2BF26242CDC0077DB47 /* AppDelegate.swift */; };
		EE7AE2C226242CDC0077DB47 /* SceneDelegate.swift in Sources */ = {isa = PBXBuildFile; fileRef = EE7AE2C126242CDC0077DB47 /* SceneDelegate.swift */; };
		EE7AE2C426242CDC0077DB47 /* ViewController.swift in Sources */ = {isa = PBXBuildFile; fileRef = EE7AE2C326242CDC0077DB47 /* ViewController.swift */; };
		EE7AE2C726242CDC0077DB47 /* Main.storyboard in Resources */ = {isa = PBXBuildFile; fileRef = EE7AE2C526242CDC0077DB47 /* Main.storyboard */; };
		EE7AE2C926242CDD0077DB47 /* Assets.xcassets in Resources */ = {isa = PBXBuildFile; fileRef = EE7AE2C826242CDD0077DB47 /* Assets.xcassets */; };
		EE7AE2CC26242CDD0077DB47 /* LaunchScreen.storyboard in Resources */ = {isa = PBXBuildFile; fileRef = EE7AE2CA26242CDD0077DB47 /* LaunchScreen.storyboard */; };
		EE7AE2D726242CDE0077DB47 /* PreworkTests.swift in Sources */ = {isa = PBXBuildFile; fileRef = EE7AE2D626242CDE0077DB47 /* PreworkTests.swift */; };
		EE7AE2E226242CDE0077DB47 /* PreworkUITests.swift in Sources */ = {isa = PBXBuildFile; fileRef = EE7AE2E126242CDE0077DB47 /* PreworkUITests.swift */; };
/* End PBXBuildFile section */

/* Begin PBXContainerItemProxy section */
		EE7AE2D326242CDE0077DB47 /* PBXContainerItemProxy */ = {
			isa = PBXContainerItemProxy;
			containerPortal = EE7AE2B426242CDC0077DB47 /* Project object */;
			proxyType = 1;
			remoteGlobalIDString = EE7AE2BB26242CDC0077DB47;
			remoteInfo = Prework;
		};
		EE7AE2DE26242CDE0077DB47 /* PBXContainerItemProxy */ = {
			isa = PBXContainerItemProxy;
			containerPortal = EE7AE2B426242CDC0077DB47 /* Project object */;
			proxyType = 1;
			remoteGlobalIDString = EE7AE2BB26242CDC0077DB47;
			remoteInfo = Prework;
		};
/* End PBXContainerItemProxy section */

/* Begin PBXFileReference section */
		EE7AE2BC26242CDC0077DB47 /* Prework.app */ = {isa = PBXFileReference; explicitFileType = wrapper.application; includeInIndex = 0; path = Prework.app; sourceTree = BUILT_PRODUCTS_DIR; };
		EE7AE2BF26242CDC0077DB47 /* AppDelegate.swift */ = {isa = PBXFileReference; lastKnownFileType = sourcecode.swift; path = AppDelegate.swift; sourceTree = "<group>"; };
		EE7AE2C126242CDC0077DB47 /* SceneDelegate.swift */ = {isa = PBXFileReference; lastKnownFileType = sourcecode.swift; path = SceneDelegate.swift; sourceTree = "<group>"; };
		EE7AE2C326242CDC0077DB47 /* ViewController.swift */ = {isa = PBXFileReference; lastKnownFileType = sourcecode.swift; path = ViewController.swift; sourceTree = "<group>"; };
		EE7AE2C626242CDC0077DB47 /* Base */ = {isa = PBXFileReference; lastKnownFileType = file.storyboard; name = Base; path = Base.lproj/Main.storyboard; sourceTree = "<group>"; };
		EE7AE2C826242CDD0077DB47 /* Assets.xcassets */ = {isa = PBXFileReference; lastKnownFileType = folder.assetcatalog; path = Assets.xcassets; sourceTree = "<group>"; };
		EE7AE2CB26242CDD0077DB47 /* Base */ = {isa = PBXFileReference; lastKnownFileType = file.storyboard; name = Base; path = Base.lproj/LaunchScreen.storyboard; sourceTree = "<group>"; };
		EE7AE2CD26242CDD0077DB47 /* Info.plist */ = {isa = PBXFileReference; lastKnownFileType = text.plist.xml; path = Info.plist; sourceTree = "<group>"; };
		EE7AE2D226242CDE0077DB47 /* PreworkTests.xctest */ = {isa = PBXFileReference; explicitFileType = wrapper.cfbundle; includeInIndex = 0; path = PreworkTests.xctest; sourceTree = BUILT_PRODUCTS_DIR; };
		EE7AE2D626242CDE0077DB47 /* PreworkTests.swift */ = {isa = PBXFileReference; lastKnownFileType = sourcecode.swift; path = PreworkTests.swift; sourceTree = "<group>"; };
		EE7AE2D826242CDE0077DB47 /* Info.plist */ = {isa = PBXFileReference; lastKnownFileType = text.plist.xml; path = Info.plist; sourceTree = "<group>"; };
		EE7AE2DD26242CDE0077DB47 /* PreworkUITests.xctest */ = {isa = PBXFileReference; explicitFileType = wrapper.cfbundle; includeInIndex = 0; path = PreworkUITests.xctest; sourceTree = BUILT_PRODUCTS_DIR; };
		EE7AE2E126242CDE0077DB47 /* PreworkUITests.swift */ = {isa = PBXFileReference; lastKnownFileType = sourcecode.swift; path = PreworkUITests.swift; sourceTree = "<group>"; };
		EE7AE2E326242CDE0077DB47 /* Info.plist */ = {isa = PBXFileReference; lastKnownFileType = text.plist.xml; path = Info.plist; sourceTree = "<group>"; };
/* End PBXFileReference section */

/* Begin PBXFrameworksBuildPhase section */
		EE7AE2B926242CDC0077DB47 /* Frameworks */ = {
			isa = PBXFrameworksBuildPhase;
			buildActionMask = 2147483647;
			files = (
			);
			runOnlyForDeploymentPostprocessing = 0;
		};
		EE7AE2CF26242CDE0077DB47 /* Frameworks */ = {
			isa = PBXFrameworksBuildPhase;
			buildActionMask = 2147483647;
			files = (
			);
			runOnlyForDeploymentPostprocessing = 0;
		};
		EE7AE2DA26242CDE0077DB47 /* Frameworks */ = {
			isa = PBXFrameworksBuildPhase;
			buildActionMask = 2147483647;
			files = (
			);
			runOnlyForDeploymentPostprocessing = 0;
		};
/* End PBXFrameworksBuildPhase section */

/* Begin PBXGroup section */
		EE7AE2B326242CDC0077DB47 = {
			isa = PBXGroup;
			children = (
				EE7AE2BE26242CDC0077DB47 /* Prework */,
				EE7AE2D526242CDE0077DB47 /* PreworkTests */,
				EE7AE2E026242CDE0077DB47 /* PreworkUITests */,
				EE7AE2BD26242CDC0077DB47 /* Products */,
			);
			sourceTree = "<group>";
		};
		EE7AE2BD26242CDC0077DB47 /* Products */ = {
			isa = PBXGroup;
			children = (
				EE7AE2BC26242CDC0077DB47 /* Prework.app */,
				EE7AE2D226242CDE0077DB47 /* PreworkTests.xctest */,
				EE7AE2DD26242CDE0077DB47 /* PreworkUITests.xctest */,
			);
			name = Products;
			sourceTree = "<group>";
		};
		EE7AE2BE26242CDC0077DB47 /* Prework */ = {
			isa = PBXGroup;
			children = (
				EE7AE2BF26242CDC0077DB47 /* AppDelegate.swift */,
				EE7AE2C126242CDC0077DB47 /* SceneDelegate.swift */,
				EE7AE2C326242CDC0077DB47 /* ViewController.swift */,
				EE7AE2C526242CDC0077DB47 /* Main.storyboard */,
				EE7AE2C826242CDD0077DB47 /* Assets.xcassets */,
				EE7AE2CA26242CDD0077DB47 /* LaunchScreen.storyboard */,
				EE7AE2CD26242CDD0077DB47 /* Info.plist */,
			);
			path = Prework;
			sourceTree = "<group>";
		};
		EE7AE2D526242CDE0077DB47 /* PreworkTests */ = {
			isa = PBXGroup;
			children = (
				EE7AE2D626242CDE0077DB47 /* PreworkTests.swift */,
				EE7AE2D826242CDE0077DB47 /* Info.plist */,
			);
			path = PreworkTests;
			sourceTree = "<group>";
		};
		EE7AE2E026242CDE0077DB47 /* PreworkUITests */ = {
			isa = PBXGroup;
			children = (
				EE7AE2E126242CDE0077DB47 /* PreworkUITests.swift */,
				EE7AE2E326242CDE0077DB47 /* Info.plist */,
			);
			path = PreworkUITests;
			sourceTree = "<group>";
		};
/* End PBXGroup section */

/* Begin PBXNativeTarget section */
		EE7AE2BB26242CDC0077DB47 /* Prework */ = {
			isa = PBXNativeTarget;
			buildConfigurationList = EE7AE2E626242CDE0077DB47 /* Build configuration list for PBXNativeTarget "Prework" */;
			buildPhases = (
				EE7AE2B826242CDC0077DB47 /* Sources */,
				EE7AE2B926242CDC0077DB47 /* Frameworks */,
				EE7AE2BA26242CDC0077DB47 /* Resources */,
			);
			buildRules = (
			);
			dependencies = (
			);
			name = Prework;
			productName = Prework;
			productReference = EE7AE2BC26242CDC0077DB47 /* Prework.app */;
			productType = "com.apple.product-type.application";
		};
		EE7AE2D126242CDE0077DB47 /* PreworkTests */ = {
			isa = PBXNativeTarget;
			buildConfigurationList = EE7AE2E926242CDE0077DB47 /* Build configuration list for PBXNativeTarget "PreworkTests" */;
			buildPhases = (
				EE7AE2CE26242CDE0077DB47 /* Sources */,
				EE7AE2CF26242CDE0077DB47 /* Frameworks */,
				EE7AE2D026242CDE0077DB47 /* Resources */,
			);
			buildRules = (
			);
			dependencies = (
				EE7AE2D426242CDE0077DB47 /* PBXTargetDependency */,
			);
			name = PreworkTests;
			productName = PreworkTests;
			productReference = EE7AE2D226242CDE0077DB47 /* PreworkTests.xctest */;
			productType = "com.apple.product-type.bundle.unit-test";
		};
		EE7AE2DC26242CDE0077DB47 /* PreworkUITests */ = {
			isa = PBXNativeTarget;
			buildConfigurationList = EE7AE2EC26242CDE0077DB47 /* Build configuration list for PBXNativeTarget "PreworkUITests" */;
			buildPhases = (
				EE7AE2D926242CDE0077DB47 /* Sources */,
				EE7AE2DA26242CDE0077DB47 /* Frameworks */,
				EE7AE2DB26242CDE0077DB47 /* Resources */,
			);
			buildRules = (
			);
			dependencies = (
				EE7AE2DF26242CDE0077DB47 /* PBXTargetDependency */,
			);
			name = PreworkUITests;
			productName = PreworkUITests;
			productReference = EE7AE2DD26242CDE0077DB47 /* PreworkUITests.xctest */;
			productType = "com.apple.product-type.bundle.ui-testing";
		};
/* End PBXNativeTarget section */

/* Begin PBXProject section */
		EE7AE2B426242CDC0077DB47 /* Project object */ = {
			isa = PBXProject;
			attributes = {
				LastSwiftUpdateCheck = 1240;
				LastUpgradeCheck = 1240;
				TargetAttributes = {
					EE7AE2BB26242CDC0077DB47 = {
						CreatedOnToolsVersion = 12.4;
					};
					EE7AE2D126242CDE0077DB47 = {
						CreatedOnToolsVersion = 12.4;
						TestTargetID = EE7AE2BB26242CDC0077DB47;
					};
					EE7AE2DC26242CDE0077DB47 = {
						CreatedOnToolsVersion = 12.4;
						TestTargetID = EE7AE2BB26242CDC0077DB47;
					};
				};
			};
			buildConfigurationList = EE7AE2B726242CDC0077DB47 /* Build configuration list for PBXProject "Prework" */;
			compatibilityVersion = "Xcode 9.3";
			developmentRegion = en;
			hasScannedForEncodings = 0;
			knownRegions = (
				en,
				Base,
			);
			mainGroup = EE7AE2B326242CDC0077DB47;
			productRefGroup = EE7AE2BD26242CDC0077DB47 /* Products */;
			projectDirPath = "";
			projectRoot = "";
			targets = (
				EE7AE2BB26242CDC0077DB47 /* Prework */,
				EE7AE2D126242CDE0077DB47 /* PreworkTests */,
				EE7AE2DC26242CDE0077DB47 /* PreworkUITests */,
			);
		};
/* End PBXProject section */

/* Begin PBXResourcesBuildPhase section */
		EE7AE2BA26242CDC0077DB47 /* Resources */ = {
			isa = PBXResourcesBuildPhase;
			buildActionMask = 2147483647;
			files = (
				EE7AE2CC26242CDD0077DB47 /* LaunchScreen.storyboard in Resources */,
				EE7AE2C926242CDD0077DB47 /* Assets.xcassets in Resources */,
				EE7AE2C726242CDC0077DB47 /* Main.storyboard in Resources */,
			);
			runOnlyForDeploymentPostprocessing = 0;
		};
		EE7AE2D026242CDE0077DB47 /* Resources */ = {
			isa = PBXResourcesBuildPhase;
			buildActionMask = 2147483647;
			files = (
			);
			runOnlyForDeploymentPostprocessing = 0;
		};
		EE7AE2DB26242CDE0077DB47 /* Resources */ = {
			isa = PBXResourcesBuildPhase;
			buildActionMask = 2147483647;
			files = (
			);
			runOnlyForDeploymentPostprocessing = 0;
		};
/* End PBXResourcesBuildPhase section */

/* Begin PBXSourcesBuildPhase section */
		EE7AE2B826242CDC0077DB47 /* Sources */ = {
			isa = PBXSourcesBuildPhase;
			buildActionMask = 2147483647;
			files = (
				EE7AE2C426242CDC0077DB47 /* ViewController.swift in Sources */,
				EE7AE2C026242CDC0077DB47 /* AppDelegate.swift in Sources */,
				EE7AE2C226242CDC0077DB47 /* SceneDelegate.swift in Sources */,
			);
			runOnlyForDeploymentPostprocessing = 0;
		};
		EE7AE2CE26242CDE0077DB47 /* Sources */ = {
			isa = PBXSourcesBuildPhase;
			buildActionMask = 2147483647;
			files = (
				EE7AE2D726242CDE0077DB47 /* PreworkTests.swift in Sources */,
			);
			runOnlyForDeploymentPostprocessing = 0;
		};
		EE7AE2D926242CDE0077DB47 /* Sources */ = {
			isa = PBXSourcesBuildPhase;
			buildActionMask = 2147483647;
			files = (
				EE7AE2E226242CDE0077DB47 /* PreworkUITests.swift in Sources */,
			);
			runOnlyForDeploymentPostprocessing = 0;
		};
/* End PBXSourcesBuildPhase section */

/* Begin PBXTargetDependency section */
		EE7AE2D426242CDE0077DB47 /* PBXTargetDependency */ = {
			isa = PBXTargetDependency;
			target = EE7AE2BB26242CDC0077DB47 /* Prework */;
			targetProxy = EE7AE2D326242CDE0077DB47 /* PBXContainerItemProxy */;
		};
		EE7AE2DF26242CDE0077DB47 /* PBXTargetDependency */ = {
			isa = PBXTargetDependency;
			target = EE7AE2BB26242CDC0077DB47 /* Prework */;
			targetProxy = EE7AE2DE26242CDE0077DB47 /* PBXContainerItemProxy */;
		};
/* End PBXTargetDependency section */

/* Begin PBXVariantGroup section */
		EE7AE2C526242CDC0077DB47 /* Main.storyboard */ = {
			isa = PBXVariantGroup;
			children = (
				EE7AE2C626242CDC0077DB47 /* Base */,
			);
			name = Main.storyboard;
			sourceTree = "<group>";
		};
		EE7AE2CA26242CDD0077DB47 /* LaunchScreen.storyboard */ = {
			isa = PBXVariantGroup;
			children = (
				EE7AE2CB26242CDD0077DB47 /* Base */,
			);
			name = LaunchScreen.storyboard;
			sourceTree = "<group>";
		};
/* End PBXVariantGroup section */

/* Begin XCBuildConfiguration section */
		EE7AE2E426242CDE0077DB47 /* Debug */ = {
			isa = XCBuildConfiguration;
			buildSettings = {
				ALWAYS_SEARCH_USER_PATHS = NO;
				CLANG_ANALYZER_NONNULL = YES;
				CLANG_ANALYZER_NUMBER_OBJECT_CONVERSION = YES_AGGRESSIVE;
				CLANG_CXX_LANGUAGE_STANDARD = "gnu++14";
				CLANG_CXX_LIBRARY = "libc++";
				CLANG_ENABLE_MODULES = YES;
				CLANG_ENABLE_OBJC_ARC = YES;
				CLANG_ENABLE_OBJC_WEAK = YES;
				CLANG_WARN_BLOCK_CAPTURE_AUTORELEASING = YES;
				CLANG_WARN_BOOL_CONVERSION = YES;
				CLANG_WARN_COMMA = YES;
				CLANG_WARN_CONSTANT_CONVERSION = YES;
				CLANG_WARN_DEPRECATED_OBJC_IMPLEMENTATIONS = YES;
				CLANG_WARN_DIRECT_OBJC_ISA_USAGE = YES_ERROR;
				CLANG_WARN_DOCUMENTATION_COMMENTS = YES;
				CLANG_WARN_EMPTY_BODY = YES;
				CLANG_WARN_ENUM_CONVERSION = YES;
				CLANG_WARN_INFINITE_RECURSION = YES;
				CLANG_WARN_INT_CONVERSION = YES;
				CLANG_WARN_NON_LITERAL_NULL_CONVERSION = YES;
				CLANG_WARN_OBJC_IMPLICIT_RETAIN_SELF = YES;
				CLANG_WARN_OBJC_LITERAL_CONVERSION = YES;
				CLANG_WARN_OBJC_ROOT_CLASS = YES_ERROR;
				CLANG_WARN_QUOTED_INCLUDE_IN_FRAMEWORK_HEADER = YES;
				CLANG_WARN_RANGE_LOOP_ANALYSIS = YES;
				CLANG_WARN_STRICT_PROTOTYPES = YES;
				CLANG_WARN_SUSPICIOUS_MOVE = YES;
				CLANG_WARN_UNGUARDED_AVAILABILITY = YES_AGGRESSIVE;
				CLANG_WARN_UNREACHABLE_CODE = YES;
				CLANG_WARN__DUPLICATE_METHOD_MATCH = YES;
				COPY_PHASE_STRIP = NO;
				DEBUG_INFORMATION_FORMAT = dwarf;
				ENABLE_STRICT_OBJC_MSGSEND = YES;
				ENABLE_TESTABILITY = YES;
				GCC_C_LANGUAGE_STANDARD = gnu11;
				GCC_DYNAMIC_NO_PIC = NO;
				GCC_NO_COMMON_BLOCKS = YES;
				GCC_OPTIMIZATION_LEVEL = 0;
				GCC_PREPROCESSOR_DEFINITIONS = (
					"DEBUG=1",
					"$(inherited)",
				);
				GCC_WARN_64_TO_32_BIT_CONVERSION = YES;
				GCC_WARN_ABOUT_RETURN_TYPE = YES_ERROR;
				GCC_WARN_UNDECLARED_SELECTOR = YES;
				GCC_WARN_UNINITIALIZED_AUTOS = YES_AGGRESSIVE;
				GCC_WARN_UNUSED_FUNCTION = YES;
				GCC_WARN_UNUSED_VARIABLE = YES;
				IPHONEOS_DEPLOYMENT_TARGET = 14.4;
				MTL_ENABLE_DEBUG_INFO = INCLUDE_SOURCE;
				MTL_FAST_MATH = YES;
				ONLY_ACTIVE_ARCH = YES;
				SDKROOT = iphoneos;
				SWIFT_ACTIVE_COMPILATION_CONDITIONS = DEBUG;
				SWIFT_OPTIMIZATION_LEVEL = "-Onone";
			};
			name = Debug;
		};
		EE7AE2E526242CDE0077DB47 /* Release */ = {
			isa = XCBuildConfiguration;
			buildSettings = {
				ALWAYS_SEARCH_USER_PATHS = NO;
				CLANG_ANALYZER_NONNULL = YES;
				CLANG_ANALYZER_NUMBER_OBJECT_CONVERSION = YES_AGGRESSIVE;
				CLANG_CXX_LANGUAGE_STANDARD = "gnu++14";
				CLANG_CXX_LIBRARY = "libc++";
				CLANG_ENABLE_MODULES = YES;
				CLANG_ENABLE_OBJC_ARC = YES;
				CLANG_ENABLE_OBJC_WEAK = YES;
				CLANG_WARN_BLOCK_CAPTURE_AUTORELEASING = YES;
				CLANG_WARN_BOOL_CONVERSION = YES;
				CLANG_WARN_COMMA = YES;
				CLANG_WARN_CONSTANT_CONVERSION = YES;
				CLANG_WARN_DEPRECATED_OBJC_IMPLEMENTATIONS = YES;
				CLANG_WARN_DIRECT_OBJC_ISA_USAGE = YES_ERROR;
				CLANG_WARN_DOCUMENTATION_COMMENTS = YES;
				CLANG_WARN_EMPTY_BODY = YES;
				CLANG_WARN_ENUM_CONVERSION = YES;
				CLANG_WARN_INFINITE_RECURSION = YES;
				CLANG_WARN_INT_CONVERSION = YES;
				CLANG_WARN_NON_LITERAL_NULL_CONVERSION = YES;
				CLANG_WARN_OBJC_IMPLICIT_RETAIN_SELF = YES;
				CLANG_WARN_OBJC_LITERAL_CONVERSION = YES;
				CLANG_WARN_OBJC_ROOT_CLASS = YES_ERROR;
				CLANG_WARN_QUOTED_INCLUDE_IN_FRAMEWORK_HEADER = YES;
				CLANG_WARN_RANGE_LOOP_ANALYSIS = YES;
				CLANG_WARN_STRICT_PROTOTYPES = YES;
				CLANG_WARN_SUSPICIOUS_MOVE = YES;
				CLANG_WARN_UNGUARDED_AVAILABILITY = YES_AGGRESSIVE;
				CLANG_WARN_UNREACHABLE_CODE = YES;
				CLANG_WARN__DUPLICATE_METHOD_MATCH = YES;
				COPY_PHASE_STRIP = NO;
				DEBUG_INFORMATION_FORMAT = "dwarf-with-dsym";
				ENABLE_NS_ASSERTIONS = NO;
				ENABLE_STRICT_OBJC_MSGSEND = YES;
				GCC_C_LANGUAGE_STANDARD = gnu11;
				GCC_NO_COMMON_BLOCKS = YES;
				GCC_WARN_64_TO_32_BIT_CONVERSION = YES;
				GCC_WARN_ABOUT_RETURN_TYPE = YES_ERROR;
				GCC_WARN_UNDECLARED_SELECTOR = YES;
				GCC_WARN_UNINITIALIZED_AUTOS = YES_AGGRESSIVE;
				GCC_WARN_UNUSED_FUNCTION = YES;
				GCC_WARN_UNUSED_VARIABLE = YES;
				IPHONEOS_DEPLOYMENT_TARGET = 14.4;
				MTL_ENABLE_DEBUG_INFO = NO;
				MTL_FAST_MATH = YES;
				SDKROOT = iphoneos;
				SWIFT_COMPILATION_MODE = wholemodule;
				SWIFT_OPTIMIZATION_LEVEL = "-O";
				VALIDATE_PRODUCT = YES;
			};
			name = Release;
		};
		EE7AE2E726242CDE0077DB47 /* Debug */ = {
			isa = XCBuildConfiguration;
			buildSettings = {
				ASSETCATALOG_COMPILER_APPICON_NAME = AppIcon;
				ASSETCATALOG_COMPILER_GLOBAL_ACCENT_COLOR_NAME = AccentColor;
				CODE_SIGN_STYLE = Automatic;
				INFOPLIST_FILE = Prework/Info.plist;
				LD_RUNPATH_SEARCH_PATHS = (
					"$(inherited)",
					"@executable_path/Frameworks",
				);
				PRODUCT_BUNDLE_IDENTIFIER = com.Prework;
				PRODUCT_NAME = "$(TARGET_NAME)";
				SWIFT_VERSION = 5.0;
				TARGETED_DEVICE_FAMILY = "1,2";
			};
			name = Debug;
		};
		EE7AE2E826242CDE0077DB47 /* Release */ = {
			isa = XCBuildConfiguration;
			buildSettings = {
				ASSETCATALOG_COMPILER_APPICON_NAME = AppIcon;
				ASSETCATALOG_COMPILER_GLOBAL_ACCENT_COLOR_NAME = AccentColor;
				CODE_SIGN_STYLE = Automatic;
				INFOPLIST_FILE = Prework/Info.plist;
				LD_RUNPATH_SEARCH_PATHS = (
					"$(inherited)",
					"@executable_path/Frameworks",
				);
				PRODUCT_BUNDLE_IDENTIFIER = com.Prework;
				PRODUCT_NAME = "$(TARGET_NAME)";
				SWIFT_VERSION = 5.0;
				TARGETED_DEVICE_FAMILY = "1,2";
			};
			name = Release;
		};
		EE7AE2EA26242CDE0077DB47 /* Debug */ = {
			isa = XCBuildConfiguration;
			buildSettings = {
				ALWAYS_EMBED_SWIFT_STANDARD_LIBRARIES = YES;
				BUNDLE_LOADER = "$(TEST_HOST)";
				CODE_SIGN_STYLE = Automatic;
				INFOPLIST_FILE = PreworkTests/Info.plist;
				IPHONEOS_DEPLOYMENT_TARGET = 14.4;
				LD_RUNPATH_SEARCH_PATHS = (
					"$(inherited)",
					"@executable_path/Frameworks",
					"@loader_path/Frameworks",
				);
				PRODUCT_BUNDLE_IDENTIFIER = com.PreworkTests;
				PRODUCT_NAME = "$(TARGET_NAME)";
				SWIFT_VERSION = 5.0;
				TARGETED_DEVICE_FAMILY = "1,2";
				TEST_HOST = "$(BUILT_PRODUCTS_DIR)/Prework.app/Prework";
			};
			name = Debug;
		};
		EE7AE2EB26242CDE0077DB47 /* Release */ = {
			isa = XCBuildConfiguration;
			buildSettings = {
				ALWAYS_EMBED_SWIFT_STANDARD_LIBRARIES = YES;
				BUNDLE_LOADER = "$(TEST_HOST)";
				CODE_SIGN_STYLE = Automatic;
				INFOPLIST_FILE = PreworkTests/Info.plist;
				IPHONEOS_DEPLOYMENT_TARGET = 14.4;
				LD_RUNPATH_SEARCH_PATHS = (
					"$(inherited)",
					"@executable_path/Frameworks",
					"@loader_path/Frameworks",
				);
				PRODUCT_BUNDLE_IDENTIFIER = com.PreworkTests;
				PRODUCT_NAME = "$(TARGET_NAME)";
				SWIFT_VERSION = 5.0;
				TARGETED_DEVICE_FAMILY = "1,2";
				TEST_HOST = "$(BUILT_PRODUCTS_DIR)/Prework.app/Prework";
			};
			name = Release;
		};
		EE7AE2ED26242CDE0077DB47 /* Debug */ = {
			isa = XCBuildConfiguration;
			buildSettings = {
				ALWAYS_EMBED_SWIFT_STANDARD_LIBRARIES = YES;
				CODE_SIGN_STYLE = Automatic;
				INFOPLIST_FILE = PreworkUITests/Info.plist;
				LD_RUNPATH_SEARCH_PATHS = (
					"$(inherited)",
					"@executable_path/Frameworks",
					"@loader_path/Frameworks",
				);
				PRODUCT_BUNDLE_IDENTIFIER = com.PreworkUITests;
				PRODUCT_NAME = "$(TARGET_NAME)";
				SWIFT_VERSION = 5.0;
				TARGETED_DEVICE_FAMILY = "1,2";
				TEST_TARGET_NAME = Prework;
			};
			name = Debug;
		};
		EE7AE2EE26242CDE0077DB47 /* Release */ = {
			isa = XCBuildConfiguration;
			buildSettings = {
				ALWAYS_EMBED_SWIFT_STANDARD_LIBRARIES = YES;
				CODE_SIGN_STYLE = Automatic;
				INFOPLIST_FILE = PreworkUITests/Info.plist;
				LD_RUNPATH_SEARCH_PATHS = (
					"$(inherited)",
					"@executable_path/Frameworks",
					"@loader_path/Frameworks",
				);
				PRODUCT_BUNDLE_IDENTIFIER = com.PreworkUITests;
				PRODUCT_NAME = "$(TARGET_NAME)";
				SWIFT_VERSION = 5.0;
				TARGETED_DEVICE_FAMILY = "1,2";
				TEST_TARGET_NAME = Prework;
			};
			name = Release;
		};
/* End XCBuildConfiguration section */

/* Begin XCConfigurationList section */
		EE7AE2B726242CDC0077DB47 /* Build configuration list for PBXProject "Prework" */ = {
			isa = XCConfigurationList;
			buildConfigurations = (
				EE7AE2E426242CDE0077DB47 /* Debug */,
				EE7AE2E526242CDE0077DB47 /* Release */,
			);
			defaultConfigurationIsVisible = 0;
			defaultConfigurationName = Release;
		};
		EE7AE2E626242CDE0077DB47 /* Build configuration list for PBXNativeTarget "Prework" */ = {
			isa = XCConfigurationList;
			buildConfigurations = (
				EE7AE2E726242CDE0077DB47 /* Debug */,
				EE7AE2E826242CDE0077DB47 /* Release */,
			);
			defaultConfigurationIsVisible = 0;
			defaultConfigurationName = Release;
		};
		EE7AE2E926242CDE0077DB47 /* Build configuration list for PBXNativeTarget "PreworkTests" */ = {
			isa = XCConfigurationList;
			buildConfigurations = (
				EE7AE2EA26242CDE0077DB47 /* Debug */,
				EE7AE2EB26242CDE0077DB47 /* Release */,
			);
			defaultConfigurationIsVisible = 0;
			defaultConfigurationName = Release;
		};
		EE7AE2EC26242CDE0077DB47 /* Build configuration list for PBXNativeTarget "PreworkUITests" */ = {
			isa = XCConfigurationList;
			buildConfigurations = (
				EE7AE2ED26242CDE0077DB47 /* Debug */,
				EE7AE2EE26242CDE0077DB47 /* Release */,
			);
			defaultConfigurationIsVisible = 0;
			defaultConfigurationName = Release;
		};
/* End XCConfigurationList section */
	};
	rootObject = EE7AE2B426242CDC0077DB47 /* Project object */;
}
